{
    "_readme": [
        "This file locks the dependencies of your project to a known state",
        "Read more about it at https://getcomposer.org/doc/01-basic-usage.md#composer-lock-the-lock-file",
        "This file is @generated automatically"
    ],
    "hash": "bd49ffc28c87918cb027717597b7e518",
    "content-hash": "74a3bcbcff4f90daf427c356a71fc7c6",
    "packages": [
        {
            "name": "sybio/image-workshop",
            "version": "2.0.9",
            "source": {
                "type": "git",
                "url": "https://github.com/Sybio/ImageWorkshop.git",
                "reference": "b7f678b51b21c96049bd0a535382520a596d6526"
            },
            "dist": {
                "type": "zip",
                "url": "https://api.github.com/repos/Sybio/ImageWorkshop/zipball/b7f678b51b21c96049bd0a535382520a596d6526",
                "reference": "b7f678b51b21c96049bd0a535382520a596d6526",
                "shasum": ""
            },
            "require": {
                "ext-exif": "*",
                "ext-gd": "*",
                "php": ">=5.3.0"
            },
            "require-dev": {
                "phpunit/phpunit": "~4.5"
            },
            "type": "library",
            "autoload": {
                "psr-0": {
                    "PHPImageWorkshop": "src"
                }
            },
            "notification-url": "https://packagist.org/downloads/",
            "license": [
                "MIT"
            ],
            "authors": [
                {
                    "name": "Clément Guillemain",
                    "homepage": "http://clementguillemain.fr",
                    "role": "Developer / Freelancer"
                },
                {
                    "name": "ImageWorkshop Community",
                    "homepage": "https://github.com/Sybio/ImageWorkshop/graphs/contributors"
                }
            ],
            "description": "Powerful PHP class using GD library to work easily with images including layer notion (like Photoshop or GIMP)",
            "homepage": "http://phpimageworkshop.com",
            "keywords": [
                "class",
                "crop",
                "gd",
                "image",
                "library",
                "resize",
                "rotate",
                "thumbnail",
                "watermark"
            ],
            "time": "2015-07-05 09:09:12"
        }
    ],
    "packages-dev": [
        {
            "name": "mikey179/vfsStream",
            "version": "v1.1.0",
            "source": {
                "type": "git",
                "url": "https://github.com/mikey179/vfsStream.git",
                "reference": "fc0fe8f4d0b527254a2dc45f0c265567c881d07e"
            },
            "dist": {
                "type": "zip",
                "url": "https://api.github.com/repos/mikey179/vfsStream/zipball/fc0fe8f4d0b527254a2dc45f0c265567c881d07e",
                "reference": "fc0fe8f4d0b527254a2dc45f0c265567c881d07e",
                "shasum": ""
            },
            "require": {
                "php": ">=5.3.0"
            },
            "type": "library",
            "autoload": {
                "psr-0": {
                    "org\\bovigo\\vfs": "src/main/php"
                }
            },
            "notification-url": "https://packagist.org/downloads/",
            "license": [
                "BSD"
            ],
            "homepage": "http://vfs.bovigo.org/",
            "time": "2012-08-25 12:49:29"
        }
    ],
    "aliases": [],
    "minimum-stability": "stable",
    "stability-flags": [],
    "prefer-stable": false,
    "prefer-lowest": false,
    "platform": {
        "php": ">=5.2.4"
    },
    "platform-dev": []
}
